
Microsoft Visual Studio Solution File, Format Version 12.00
# Visual Studio Version 17
VisualStudioVersion = 17.11.35312.102
MinimumVisualStudioVersion = 10.0.40219.1
Project("{9A19103F-16F7-4668-BE54-9A1E7A4F7556}") = "ElsaStudioBlazorServer", "ElsaStudioBlazorServer\ElsaStudioBlazorServer.csproj", "{8F0FC749-D7D0-4F55-ADE3-BBE8DAE5A8D2}"
EndProject
Project("{FAE04EC0-301F-11D3-BF4B-00C04F79EFBC}") = "ElsaServer", "ElsaServer\ElsaServer.csproj", "{D1BCEE93-DA31-431E-8DC2-FFACBDC75C33}"
EndProject
Global
	GlobalSection(SolutionConfigurationPlatforms) = preSolution
		Debug|Any CPU = Debug|Any CPU
		Release|Any CPU = Release|Any CPU
	EndGlobalSection
	GlobalSection(ProjectConfigurationPlatforms) = postSolution
		{8F0FC749-D7D0-4F55-ADE3-BBE8DAE5A8D2}.Debug|Any CPU.ActiveCfg = Debug|Any CPU
		{8F0FC749-D7D0-4F55-ADE3-BBE8DAE5A8D2}.Debug|Any CPU.Build.0 = Debug|Any CPU
		{8F0FC749-D7D0-4F55-ADE3-BBE8DAE5A8D2}.Release|Any CPU.ActiveCfg = Release|Any CPU
		{8F0FC749-D7D0-4F55-ADE3-BBE8DAE5A8D2}.Release|Any CPU.Build.0 = Release|Any CPU
		{D1BCEE93-DA31-431E-8DC2-FFACBDC75C33}.Debug|Any CPU.ActiveCfg = Debug|Any CPU
		{D1BCEE93-DA31-431E-8DC2-FFACBDC75C33}.Debug|Any CPU.Build.0 = Debug|Any CPU
		{D1BCEE93-DA31-431E-8DC2-FFACBDC75C33}.Release|Any CPU.ActiveCfg = Release|Any CPU
		{D1BCEE93-DA31-431E-8DC2-FFACBDC75C33}.Release|Any CPU.Build.0 = Release|Any CPU
	EndGlobalSection
	GlobalSection(SolutionProperties) = preSolution
		HideSolutionNode = FALSE
	EndGlobalSection
	GlobalSection(ExtensibilityGlobals) = postSolution
		SolutionGuid = {60A7A7ED-F3B2-4CB8-B721-D59FE7E60155}
	EndGlobalSection
EndGlobal
